// !$*UTF8*$!
{
	archiveVersion = 1;
	classes = {
	};
	objectVersion = 56;
	objects = {

/* Begin PBXBuildFile section */
		B5397E5F2BDF619E00DAD03F /* JankenView.swift in Sources */ = {isa = PBXBuildFile; fileRef = B5397E5E2BDF619E00DAD03F /* JankenView.swift */; };
		B53E36DC2BEB181900A54DE2 /* Game2HardView.swift in Sources */ = {isa = PBXBuildFile; fileRef = B53E36DB2BEB181900A54DE2 /* Game2HardView.swift */; };
		B53E36DE2BEB19E400A54DE2 /* Game2EasyView.swift in Sources */ = {isa = PBXBuildFile; fileRef = B53E36DD2BEB19E400A54DE2 /* Game2EasyView.swift */; };
		B53E36E02BF0FEC100A54DE2 /* DataView.swift in Sources */ = {isa = PBXBuildFile; fileRef = B53E36DF2BF0FEC100A54DE2 /* DataView.swift */; };
		B53E36E22BF1CEC300A54DE2 /* DateView.swift in Sources */ = {isa = PBXBuildFile; fileRef = B53E36E12BF1CEC300A54DE2 /* DateView.swift */; };
		B53E36E42BF1E7D200A54DE2 /* TextDataView.swift in Sources */ = {isa = PBXBuildFile; fileRef = B53E36E32BF1E7D200A54DE2 /* TextDataView.swift */; };
		B54B98462C05613300CC1E4F /* PopupView.swift in Sources */ = {isa = PBXBuildFile; fileRef = B54B98452C05613300CC1E4F /* PopupView.swift */; };
		B5841AB62BDA33D500AA3279 /* CounterView.swift in Sources */ = {isa = PBXBuildFile; fileRef = B5841AB52BDA33D500AA3279 /* CounterView.swift */; };
		B58743672BDA22EF009F60F2 /* SelfIntroductionApp.swift in Sources */ = {isa = PBXBuildFile; fileRef = B58743662BDA22EF009F60F2 /* SelfIntroductionApp.swift */; };
		B58743692BDA22EF009F60F2 /* ContentView.swift in Sources */ = {isa = PBXBuildFile; fileRef = B58743682BDA22EF009F60F2 /* ContentView.swift */; };
		B587436B2BDA22F2009F60F2 /* Assets.xcassets in Resources */ = {isa = PBXBuildFile; fileRef = B587436A2BDA22F2009F60F2 /* Assets.xcassets */; };
		B587436E2BDA22F2009F60F2 /* Preview Assets.xcassets in Resources */ = {isa = PBXBuildFile; fileRef = B587436D2BDA22F2009F60F2 /* Preview Assets.xcassets */; };
		B58743782BDA22F2009F60F2 /* SelfIntroductionTests.swift in Sources */ = {isa = PBXBuildFile; fileRef = B58743772BDA22F2009F60F2 /* SelfIntroductionTests.swift */; };
		B58743822BDA22F2009F60F2 /* SelfIntroductionUITests.swift in Sources */ = {isa = PBXBuildFile; fileRef = B58743812BDA22F2009F60F2 /* SelfIntroductionUITests.swift */; };
		B58743842BDA22F2009F60F2 /* SelfIntroductionUITestsLaunchTests.swift in Sources */ = {isa = PBXBuildFile; fileRef = B58743832BDA22F2009F60F2 /* SelfIntroductionUITestsLaunchTests.swift */; };
		B598AEA52BE104A000A21DDA /* MyScrollView.swift in Sources */ = {isa = PBXBuildFile; fileRef = B598AEA42BE104A000A21DDA /* MyScrollView.swift */; };
		B598AEA92BE12B3800A21DDA /* ShortsScrollView.swift in Sources */ = {isa = PBXBuildFile; fileRef = B598AEA82BE12B3800A21DDA /* ShortsScrollView.swift */; };
		B598AEAB2BE145B800A21DDA /* SwipeView.swift in Sources */ = {isa = PBXBuildFile; fileRef = B598AEAA2BE145B800A21DDA /* SwipeView.swift */; };
		B5C3A3AF2BE7311400F457D1 /* MyScroll2View.swift in Sources */ = {isa = PBXBuildFile; fileRef = B5C3A3AE2BE7311400F457D1 /* MyScroll2View.swift */; };
		B5C3A3B12BE921C100F457D1 /* MyScroll3View.swift in Sources */ = {isa = PBXBuildFile; fileRef = B5C3A3B02BE921C100F457D1 /* MyScroll3View.swift */; };
		B5C3A3B62BEA639800F457D1 /* Game2View.swift in Sources */ = {isa = PBXBuildFile; fileRef = B5C3A3B52BEA639800F457D1 /* Game2View.swift */; };
		B5C3A3B82BEA896C00F457D1 /* TimerView.swift in Sources */ = {isa = PBXBuildFile; fileRef = B5C3A3B72BEA896C00F457D1 /* TimerView.swift */; };
		B5C3A3BD2BEAA75400F457D1 /* voice2.mp3 in Resources */ = {isa = PBXBuildFile; fileRef = B5C3A3BC2BEAA75400F457D1 /* voice2.mp3 */; };
		B5C3A3BF2BEAA8A400F457D1 /* voice1.mp3 in Resources */ = {isa = PBXBuildFile; fileRef = B5C3A3BE2BEAA8A400F457D1 /* voice1.mp3 */; };
		B5C3A3C12BEAA96C00F457D1 /* GameTitleView.swift in Sources */ = {isa = PBXBuildFile; fileRef = B5C3A3C02BEAA96C00F457D1 /* GameTitleView.swift */; };
		B5DBEB402BDA8C4E00417A19 /* VoiceView.swift in Sources */ = {isa = PBXBuildFile; fileRef = B5DBEB3F2BDA8C4E00417A19 /* VoiceView.swift */; };
/* End PBXBuildFile section */

/* Begin PBXContainerItemProxy section */
		B58743742BDA22F2009F60F2 /* PBXContainerItemProxy */ = {
			isa = PBXContainerItemProxy;
			containerPortal = B587435B2BDA22EF009F60F2 /* Project object */;
			proxyType = 1;
			remoteGlobalIDString = B58743622BDA22EF009F60F2;
			remoteInfo = SelfIntroduction;
		};
		B587437E2BDA22F2009F60F2 /* PBXContainerItemProxy */ = {
			isa = PBXContainerItemProxy;
			containerPortal = B587435B2BDA22EF009F60F2 /* Project object */;
			proxyType = 1;
			remoteGlobalIDString = B58743622BDA22EF009F60F2;
			remoteInfo = SelfIntroduction;
		};
/* End PBXContainerItemProxy section */

/* Begin PBXFileReference section */
		B5397E5E2BDF619E00DAD03F /* JankenView.swift */ = {isa = PBXFileReference; lastKnownFileType = sourcecode.swift; path = JankenView.swift; sourceTree = "<group>"; };
		B53E36DB2BEB181900A54DE2 /* Game2HardView.swift */ = {isa = PBXFileReference; lastKnownFileType = sourcecode.swift; path = Game2HardView.swift; sourceTree = "<group>"; };
		B53E36DD2BEB19E400A54DE2 /* Game2EasyView.swift */ = {isa = PBXFileReference; lastKnownFileType = sourcecode.swift; path = Game2EasyView.swift; sourceTree = "<group>"; };
		B53E36DF2BF0FEC100A54DE2 /* DataView.swift */ = {isa = PBXFileReference; lastKnownFileType = sourcecode.swift; path = DataView.swift; sourceTree = "<group>"; };
		B53E36E12BF1CEC300A54DE2 /* DateView.swift */ = {isa = PBXFileReference; lastKnownFileType = sourcecode.swift; path = DateView.swift; sourceTree = "<group>"; };
		B53E36E32BF1E7D200A54DE2 /* TextDataView.swift */ = {isa = PBXFileReference; lastKnownFileType = sourcecode.swift; path = TextDataView.swift; sourceTree = "<group>"; };
		B54B98452C05613300CC1E4F /* PopupView.swift */ = {isa = PBXFileReference; lastKnownFileType = sourcecode.swift; path = PopupView.swift; sourceTree = "<group>"; };
		B5841AB52BDA33D500AA3279 /* CounterView.swift */ = {isa = PBXFileReference; lastKnownFileType = sourcecode.swift; path = CounterView.swift; sourceTree = "<group>"; };
		B58743632BDA22EF009F60F2 /* SelfIntroduction.app */ = {isa = PBXFileReference; explicitFileType = wrapper.application; includeInIndex = 0; path = SelfIntroduction.app; sourceTree = BUILT_PRODUCTS_DIR; };
		B58743662BDA22EF009F60F2 /* SelfIntroductionApp.swift */ = {isa = PBXFileReference; lastKnownFileType = sourcecode.swift; path = SelfIntroductionApp.swift; sourceTree = "<group>"; };
		B58743682BDA22EF009F60F2 /* ContentView.swift */ = {isa = PBXFileReference; lastKnownFileType = sourcecode.swift; path = ContentView.swift; sourceTree = "<group>"; };
		B587436A2BDA22F2009F60F2 /* Assets.xcassets */ = {isa = PBXFileReference; lastKnownFileType = folder.assetcatalog; path = Assets.xcassets; sourceTree = "<group>"; };
		B587436D2BDA22F2009F60F2 /* Preview Assets.xcassets */ = {isa = PBXFileReference; lastKnownFileType = folder.assetcatalog; path = "Preview Assets.xcassets"; sourceTree = "<group>"; };
		B58743732BDA22F2009F60F2 /* SelfIntroductionTests.xctest */ = {isa = PBXFileReference; explicitFileType = wrapper.cfbundle; includeInIndex = 0; path = SelfIntroductionTests.xctest; sourceTree = BUILT_PRODUCTS_DIR; };
		B58743772BDA22F2009F60F2 /* SelfIntroductionTests.swift */ = {isa = PBXFileReference; lastKnownFileType = sourcecode.swift; path = SelfIntroductionTests.swift; sourceTree = "<group>"; };
		B587437D2BDA22F2009F60F2 /* SelfIntroductionUITests.xctest */ = {isa = PBXFileReference; explicitFileType = wrapper.cfbundle; includeInIndex = 0; path = SelfIntroductionUITests.xctest; sourceTree = BUILT_PRODUCTS_DIR; };
		B58743812BDA22F2009F60F2 /* SelfIntroductionUITests.swift */ = {isa = PBXFileReference; lastKnownFileType = sourcecode.swift; path = SelfIntroductionUITests.swift; sourceTree = "<group>"; };
		B58743832BDA22F2009F60F2 /* SelfIntroductionUITestsLaunchTests.swift */ = {isa = PBXFileReference; lastKnownFileType = sourcecode.swift; path = SelfIntroductionUITestsLaunchTests.swift; sourceTree = "<group>"; };
		B598AEA42BE104A000A21DDA /* MyScrollView.swift */ = {isa = PBXFileReference; lastKnownFileType = sourcecode.swift; path = MyScrollView.swift; sourceTree = "<group>"; };
		B598AEA82BE12B3800A21DDA /* ShortsScrollView.swift */ = {isa = PBXFileReference; lastKnownFileType = sourcecode.swift; path = ShortsScrollView.swift; sourceTree = "<group>"; };
		B598AEAA2BE145B800A21DDA /* SwipeView.swift */ = {isa = PBXFileReference; lastKnownFileType = sourcecode.swift; path = SwipeView.swift; sourceTree = "<group>"; };
		B5C3A3AE2BE7311400F457D1 /* MyScroll2View.swift */ = {isa = PBXFileReference; lastKnownFileType = sourcecode.swift; path = MyScroll2View.swift; sourceTree = "<group>"; };
		B5C3A3B02BE921C100F457D1 /* MyScroll3View.swift */ = {isa = PBXFileReference; lastKnownFileType = sourcecode.swift; path = MyScroll3View.swift; sourceTree = "<group>"; };
		B5C3A3B22BE9DE2500F457D1 /* mov_hts-samp003.mp4 */ = {isa = PBXFileReference; lastKnownFileType = file; path = "mov_hts-samp003.mp4"; sourceTree = "<group>"; };
		B5C3A3B52BEA639800F457D1 /* Game2View.swift */ = {isa = PBXFileReference; lastKnownFileType = sourcecode.swift; path = Game2View.swift; sourceTree = "<group>"; };
		B5C3A3B72BEA896C00F457D1 /* TimerView.swift */ = {isa = PBXFileReference; lastKnownFileType = sourcecode.swift; path = TimerView.swift; sourceTree = "<group>"; };
		B5C3A3BC2BEAA75400F457D1 /* voice2.mp3 */ = {isa = PBXFileReference; lastKnownFileType = audio.mp3; path = voice2.mp3; sourceTree = "<group>"; };
		B5C3A3BE2BEAA8A400F457D1 /* voice1.mp3 */ = {isa = PBXFileReference; lastKnownFileType = audio.mp3; path = voice1.mp3; sourceTree = "<group>"; };
		B5C3A3C02BEAA96C00F457D1 /* GameTitleView.swift */ = {isa = PBXFileReference; lastKnownFileType = sourcecode.swift; path = GameTitleView.swift; sourceTree = "<group>"; };
		B5DBEB3F2BDA8C4E00417A19 /* VoiceView.swift */ = {isa = PBXFileReference; lastKnownFileType = sourcecode.swift; path = VoiceView.swift; sourceTree = "<group>"; };
/* End PBXFileReference section */

/* Begin PBXFrameworksBuildPhase section */
		B58743602BDA22EF009F60F2 /* Frameworks */ = {
			isa = PBXFrameworksBuildPhase;
			buildActionMask = 2147483647;
			files = (
			);
			runOnlyForDeploymentPostprocessing = 0;
		};
		B58743702BDA22F2009F60F2 /* Frameworks */ = {
			isa = PBXFrameworksBuildPhase;
			buildActionMask = 2147483647;
			files = (
			);
			runOnlyForDeploymentPostprocessing = 0;
		};
		B587437A2BDA22F2009F60F2 /* Frameworks */ = {
			isa = PBXFrameworksBuildPhase;
			buildActionMask = 2147483647;
			files = (
			);
			runOnlyForDeploymentPostprocessing = 0;
		};
/* End PBXFrameworksBuildPhase section */

/* Begin PBXGroup section */
		B587435A2BDA22EF009F60F2 = {
			isa = PBXGroup;
			children = (
				B58743652BDA22EF009F60F2 /* SelfIntroduction */,
				B58743762BDA22F2009F60F2 /* SelfIntroductionTests */,
				B58743802BDA22F2009F60F2 /* SelfIntroductionUITests */,
				B58743642BDA22EF009F60F2 /* Products */,
			);
			sourceTree = "<group>";
		};
		B58743642BDA22EF009F60F2 /* Products */ = {
			isa = PBXGroup;
			children = (
				B58743632BDA22EF009F60F2 /* SelfIntroduction.app */,
				B58743732BDA22F2009F60F2 /* SelfIntroductionTests.xctest */,
				B587437D2BDA22F2009F60F2 /* SelfIntroductionUITests.xctest */,
			);
			name = Products;
			sourceTree = "<group>";
		};
		B58743652BDA22EF009F60F2 /* SelfIntroduction */ = {
			isa = PBXGroup;
			children = (
				B5C3A3B22BE9DE2500F457D1 /* mov_hts-samp003.mp4 */,
				B58743662BDA22EF009F60F2 /* SelfIntroductionApp.swift */,
				B58743682BDA22EF009F60F2 /* ContentView.swift */,
				B5397E5E2BDF619E00DAD03F /* JankenView.swift */,
				B598AEA82BE12B3800A21DDA /* ShortsScrollView.swift */,
				B5DBEB3F2BDA8C4E00417A19 /* VoiceView.swift */,
				B598AEAA2BE145B800A21DDA /* SwipeView.swift */,
				B598AEA42BE104A000A21DDA /* MyScrollView.swift */,
				B5841AB52BDA33D500AA3279 /* CounterView.swift */,
				B5C3A3AE2BE7311400F457D1 /* MyScroll2View.swift */,
				B5C3A3B02BE921C100F457D1 /* MyScroll3View.swift */,
				B5C3A3B52BEA639800F457D1 /* Game2View.swift */,
				B54B98452C05613300CC1E4F /* PopupView.swift */,
				B53E36DB2BEB181900A54DE2 /* Game2HardView.swift */,
				B5C3A3C02BEAA96C00F457D1 /* GameTitleView.swift */,
				B53E36DF2BF0FEC100A54DE2 /* DataView.swift */,
				B53E36E32BF1E7D200A54DE2 /* TextDataView.swift */,
				B53E36E12BF1CEC300A54DE2 /* DateView.swift */,
				B53E36DD2BEB19E400A54DE2 /* Game2EasyView.swift */,
				B5C3A3B72BEA896C00F457D1 /* TimerView.swift */,
				B587436A2BDA22F2009F60F2 /* Assets.xcassets */,
				B5C3A3BE2BEAA8A400F457D1 /* voice1.mp3 */,
				B5C3A3BC2BEAA75400F457D1 /* voice2.mp3 */,
				B587436C2BDA22F2009F60F2 /* Preview Content */,
			);
			path = SelfIntroduction;
			sourceTree = "<group>";
		};
		B587436C2BDA22F2009F60F2 /* Preview Content */ = {
			isa = PBXGroup;
			children = (
				B587436D2BDA22F2009F60F2 /* Preview Assets.xcassets */,
			);
			path = "Preview Content";
			sourceTree = "<group>";
		};
		B58743762BDA22F2009F60F2 /* SelfIntroductionTests */ = {
			isa = PBXGroup;
			children = (
				B58743772BDA22F2009F60F2 /* SelfIntroductionTests.swift */,
			);
			path = SelfIntroductionTests;
			sourceTree = "<group>";
		};
		B58743802BDA22F2009F60F2 /* SelfIntroductionUITests */ = {
			isa = PBXGroup;
			children = (
				B58743812BDA22F2009F60F2 /* SelfIntroductionUITests.swift */,
				B58743832BDA22F2009F60F2 /* SelfIntroductionUITestsLaunchTests.swift */,
			);
			path = SelfIntroductionUITests;
			sourceTree = "<group>";
		};
/* End PBXGroup section */

/* Begin PBXNativeTarget section */
		B58743622BDA22EF009F60F2 /* SelfIntroduction */ = {
			isa = PBXNativeTarget;
			buildConfigurationList = B58743872BDA22F2009F60F2 /* Build configuration list for PBXNativeTarget "SelfIntroduction" */;
			buildPhases = (
				B587435F2BDA22EF009F60F2 /* Sources */,
				B58743602BDA22EF009F60F2 /* Frameworks */,
				B58743612BDA22EF009F60F2 /* Resources */,
			);
			buildRules = (
			);
			dependencies = (
			);
			name = SelfIntroduction;
			productName = SelfIntroduction;
			productReference = B58743632BDA22EF009F60F2 /* SelfIntroduction.app */;
			productType = "com.apple.product-type.application";
		};
		B58743722BDA22F2009F60F2 /* SelfIntroductionTests */ = {
			isa = PBXNativeTarget;
			buildConfigurationList = B587438A2BDA22F2009F60F2 /* Build configuration list for PBXNativeTarget "SelfIntroductionTests" */;
			buildPhases = (
				B587436F2BDA22F2009F60F2 /* Sources */,
				B58743702BDA22F2009F60F2 /* Frameworks */,
				B58743712BDA22F2009F60F2 /* Resources */,
			);
			buildRules = (
			);
			dependencies = (
				B58743752BDA22F2009F60F2 /* PBXTargetDependency */,
			);
			name = SelfIntroductionTests;
			productName = SelfIntroductionTests;
			productReference = B58743732BDA22F2009F60F2 /* SelfIntroductionTests.xctest */;
			productType = "com.apple.product-type.bundle.unit-test";
		};
		B587437C2BDA22F2009F60F2 /* SelfIntroductionUITests */ = {
			isa = PBXNativeTarget;
			buildConfigurationList = B587438D2BDA22F2009F60F2 /* Build configuration list for PBXNativeTarget "SelfIntroductionUITests" */;
			buildPhases = (
				B58743792BDA22F2009F60F2 /* Sources */,
				B587437A2BDA22F2009F60F2 /* Frameworks */,
				B587437B2BDA22F2009F60F2 /* Resources */,
			);
			buildRules = (
			);
			dependencies = (
				B587437F2BDA22F2009F60F2 /* PBXTargetDependency */,
			);
			name = SelfIntroductionUITests;
			productName = SelfIntroductionUITests;
			productReference = B587437D2BDA22F2009F60F2 /* SelfIntroductionUITests.xctest */;
			productType = "com.apple.product-type.bundle.ui-testing";
		};
/* End PBXNativeTarget section */

/* Begin PBXProject section */
		B587435B2BDA22EF009F60F2 /* Project object */ = {
			isa = PBXProject;
			attributes = {
				BuildIndependentTargetsInParallel = 1;
				LastSwiftUpdateCheck = 1530;
				LastUpgradeCheck = 1530;
				TargetAttributes = {
					B58743622BDA22EF009F60F2 = {
						CreatedOnToolsVersion = 15.3;
					};
					B58743722BDA22F2009F60F2 = {
						CreatedOnToolsVersion = 15.3;
						TestTargetID = B58743622BDA22EF009F60F2;
					};
					B587437C2BDA22F2009F60F2 = {
						CreatedOnToolsVersion = 15.3;
						TestTargetID = B58743622BDA22EF009F60F2;
					};
				};
			};
			buildConfigurationList = B587435E2BDA22EF009F60F2 /* Build configuration list for PBXProject "SelfIntroduction" */;
			compatibilityVersion = "Xcode 14.0";
			developmentRegion = en;
			hasScannedForEncodings = 0;
			knownRegions = (
				en,
				Base,
			);
			mainGroup = B587435A2BDA22EF009F60F2;
			productRefGroup = B58743642BDA22EF009F60F2 /* Products */;
			projectDirPath = "";
			projectRoot = "";
			targets = (
				B58743622BDA22EF009F60F2 /* SelfIntroduction */,
				B58743722BDA22F2009F60F2 /* SelfIntroductionTests */,
				B587437C2BDA22F2009F60F2 /* SelfIntroductionUITests */,
			);
		};
/* End PBXProject section */

/* Begin PBXResourcesBuildPhase section */
		B58743612BDA22EF009F60F2 /* Resources */ = {
			isa = PBXResourcesBuildPhase;
			buildActionMask = 2147483647;
			files = (
				B5C3A3BF2BEAA8A400F457D1 /* voice1.mp3 in Resources */,
				B587436E2BDA22F2009F60F2 /* Preview Assets.xcassets in Resources */,
				B5C3A3BD2BEAA75400F457D1 /* voice2.mp3 in Resources */,
				B587436B2BDA22F2009F60F2 /* Assets.xcassets in Resources */,
			);
			runOnlyForDeploymentPostprocessing = 0;
		};
		B58743712BDA22F2009F60F2 /* Resources */ = {
			isa = PBXResourcesBuildPhase;
			buildActionMask = 2147483647;
			files = (
			);
			runOnlyForDeploymentPostprocessing = 0;
		};
		B587437B2BDA22F2009F60F2 /* Resources */ = {
			isa = PBXResourcesBuildPhase;
			buildActionMask = 2147483647;
			files = (
			);
			runOnlyForDeploymentPostprocessing = 0;
		};
/* End PBXResourcesBuildPhase section */

/* Begin PBXSourcesBuildPhase section */
		B587435F2BDA22EF009F60F2 /* Sources */ = {
			isa = PBXSourcesBuildPhase;
			buildActionMask = 2147483647;
			files = (
				B5DBEB402BDA8C4E00417A19 /* VoiceView.swift in Sources */,
				B5C3A3AF2BE7311400F457D1 /* MyScroll2View.swift in Sources */,
				B54B98462C05613300CC1E4F /* PopupView.swift in Sources */,
				B58743692BDA22EF009F60F2 /* ContentView.swift in Sources */,
				B5397E5F2BDF619E00DAD03F /* JankenView.swift in Sources */,
				B58743672BDA22EF009F60F2 /* SelfIntroductionApp.swift in Sources */,
				B5C3A3B82BEA896C00F457D1 /* TimerView.swift in Sources */,
				B53E36E22BF1CEC300A54DE2 /* DateView.swift in Sources */,
				B53E36E02BF0FEC100A54DE2 /* DataView.swift in Sources */,
				B5C3A3B62BEA639800F457D1 /* Game2View.swift in Sources */,
				B53E36DE2BEB19E400A54DE2 /* Game2EasyView.swift in Sources */,
				B5C3A3B12BE921C100F457D1 /* MyScroll3View.swift in Sources */,
				B53E36DC2BEB181900A54DE2 /* Game2HardView.swift in Sources */,
				B598AEA92BE12B3800A21DDA /* ShortsScrollView.swift in Sources */,
				B53E36E42BF1E7D200A54DE2 /* TextDataView.swift in Sources */,
				B598AEAB2BE145B800A21DDA /* SwipeView.swift in Sources */,
				B5C3A3C12BEAA96C00F457D1 /* GameTitleView.swift in Sources */,
				B5841AB62BDA33D500AA3279 /* CounterView.swift in Sources */,
				B598AEA52BE104A000A21DDA /* MyScrollView.swift in Sources */,
			);
			runOnlyForDeploymentPostprocessing = 0;
		};
		B587436F2BDA22F2009F60F2 /* Sources */ = {
			isa = PBXSourcesBuildPhase;
			buildActionMask = 2147483647;
			files = (
				B58743782BDA22F2009F60F2 /* SelfIntroductionTests.swift in Sources */,
			);
			runOnlyForDeploymentPostprocessing = 0;
		};
		B58743792BDA22F2009F60F2 /* Sources */ = {
			isa = PBXSourcesBuildPhase;
			buildActionMask = 2147483647;
			files = (
				B58743842BDA22F2009F60F2 /* SelfIntroductionUITestsLaunchTests.swift in Sources */,
				B58743822BDA22F2009F60F2 /* SelfIntroductionUITests.swift in Sources */,
			);
			runOnlyForDeploymentPostprocessing = 0;
		};
/* End PBXSourcesBuildPhase section */

/* Begin PBXTargetDependency section */
		B58743752BDA22F2009F60F2 /* PBXTargetDependency */ = {
			isa = PBXTargetDependency;
			target = B58743622BDA22EF009F60F2 /* SelfIntroduction */;
			targetProxy = B58743742BDA22F2009F60F2 /* PBXContainerItemProxy */;
		};
		B587437F2BDA22F2009F60F2 /* PBXTargetDependency */ = {
			isa = PBXTargetDependency;
			target = B58743622BDA22EF009F60F2 /* SelfIntroduction */;
			targetProxy = B587437E2BDA22F2009F60F2 /* PBXContainerItemProxy */;
		};
/* End PBXTargetDependency section */

/* Begin XCBuildConfiguration section */
		B58743852BDA22F2009F60F2 /* Debug */ = {
			isa = XCBuildConfiguration;
			buildSettings = {
				ALWAYS_SEARCH_USER_PATHS = NO;
				ASSETCATALOG_COMPILER_GENERATE_SWIFT_ASSET_SYMBOL_EXTENSIONS = YES;
				CLANG_ANALYZER_NONNULL = YES;
				CLANG_ANALYZER_NUMBER_OBJECT_CONVERSION = YES_AGGRESSIVE;
				CLANG_CXX_LANGUAGE_STANDARD = "gnu++20";
				CLANG_ENABLE_MODULES = YES;
				CLANG_ENABLE_OBJC_ARC = YES;
				CLANG_ENABLE_OBJC_WEAK = YES;
				CLANG_WARN_BLOCK_CAPTURE_AUTORELEASING = YES;
				CLANG_WARN_BOOL_CONVERSION = YES;
				CLANG_WARN_COMMA = YES;
				CLANG_WARN_CONSTANT_CONVERSION = YES;
				CLANG_WARN_DEPRECATED_OBJC_IMPLEMENTATIONS = YES;
				CLANG_WARN_DIRECT_OBJC_ISA_USAGE = YES_ERROR;
				CLANG_WARN_DOCUMENTATION_COMMENTS = YES;
				CLANG_WARN_EMPTY_BODY = YES;
				CLANG_WARN_ENUM_CONVERSION = YES;
				CLANG_WARN_INFINITE_RECURSION = YES;
				CLANG_WARN_INT_CONVERSION = YES;
				CLANG_WARN_NON_LITERAL_NULL_CONVERSION = YES;
				CLANG_WARN_OBJC_IMPLICIT_RETAIN_SELF = YES;
				CLANG_WARN_OBJC_LITERAL_CONVERSION = YES;
				CLANG_WARN_OBJC_ROOT_CLASS = YES_ERROR;
				CLANG_WARN_QUOTED_INCLUDE_IN_FRAMEWORK_HEADER = YES;
				CLANG_WARN_RANGE_LOOP_ANALYSIS = YES;
				CLANG_WARN_STRICT_PROTOTYPES = YES;
				CLANG_WARN_SUSPICIOUS_MOVE = YES;
				CLANG_WARN_UNGUARDED_AVAILABILITY = YES_AGGRESSIVE;
				CLANG_WARN_UNREACHABLE_CODE = YES;
				CLANG_WARN__DUPLICATE_METHOD_MATCH = YES;
				COPY_PHASE_STRIP = NO;
				DEBUG_INFORMATION_FORMAT = dwarf;
				ENABLE_STRICT_OBJC_MSGSEND = YES;
				ENABLE_TESTABILITY = YES;
				ENABLE_USER_SCRIPT_SANDBOXING = YES;
				GCC_C_LANGUAGE_STANDARD = gnu17;
				GCC_DYNAMIC_NO_PIC = NO;
				GCC_NO_COMMON_BLOCKS = YES;
				GCC_OPTIMIZATION_LEVEL = 0;
				GCC_PREPROCESSOR_DEFINITIONS = (
					"DEBUG=1",
					"$(inherited)",
				);
				GCC_WARN_64_TO_32_BIT_CONVERSION = YES;
				GCC_WARN_ABOUT_RETURN_TYPE = YES_ERROR;
				GCC_WARN_UNDECLARED_SELECTOR = YES;
				GCC_WARN_UNINITIALIZED_AUTOS = YES_AGGRESSIVE;
				GCC_WARN_UNUSED_FUNCTION = YES;
				GCC_WARN_UNUSED_VARIABLE = YES;
				IPHONEOS_DEPLOYMENT_TARGET = 17.4;
				LOCALIZATION_PREFERS_STRING_CATALOGS = YES;
				MTL_ENABLE_DEBUG_INFO = INCLUDE_SOURCE;
				MTL_FAST_MATH = YES;
				ONLY_ACTIVE_ARCH = YES;
				SDKROOT = iphoneos;
				SWIFT_ACTIVE_COMPILATION_CONDITIONS = "DEBUG $(inherited)";
				SWIFT_OPTIMIZATION_LEVEL = "-Onone";
			};
			name = Debug;
		};
		B58743862BDA22F2009F60F2 /* Release */ = {
			isa = XCBuildConfiguration;
			buildSettings = {
				ALWAYS_SEARCH_USER_PATHS = NO;
				ASSETCATALOG_COMPILER_GENERATE_SWIFT_ASSET_SYMBOL_EXTENSIONS = YES;
				CLANG_ANALYZER_NONNULL = YES;
				CLANG_ANALYZER_NUMBER_OBJECT_CONVERSION = YES_AGGRESSIVE;
				CLANG_CXX_LANGUAGE_STANDARD = "gnu++20";
				CLANG_ENABLE_MODULES = YES;
				CLANG_ENABLE_OBJC_ARC = YES;
				CLANG_ENABLE_OBJC_WEAK = YES;
				CLANG_WARN_BLOCK_CAPTURE_AUTORELEASING = YES;
				CLANG_WARN_BOOL_CONVERSION = YES;
				CLANG_WARN_COMMA = YES;
				CLANG_WARN_CONSTANT_CONVERSION = YES;
				CLANG_WARN_DEPRECATED_OBJC_IMPLEMENTATIONS = YES;
				CLANG_WARN_DIRECT_OBJC_ISA_USAGE = YES_ERROR;
				CLANG_WARN_DOCUMENTATION_COMMENTS = YES;
				CLANG_WARN_EMPTY_BODY = YES;
				CLANG_WARN_ENUM_CONVERSION = YES;
				CLANG_WARN_INFINITE_RECURSION = YES;
				CLANG_WARN_INT_CONVERSION = YES;
				CLANG_WARN_NON_LITERAL_NULL_CONVERSION = YES;
				CLANG_WARN_OBJC_IMPLICIT_RETAIN_SELF = YES;
				CLANG_WARN_OBJC_LITERAL_CONVERSION = YES;
				CLANG_WARN_OBJC_ROOT_CLASS = YES_ERROR;
				CLANG_WARN_QUOTED_INCLUDE_IN_FRAMEWORK_HEADER = YES;
				CLANG_WARN_RANGE_LOOP_ANALYSIS = YES;
				CLANG_WARN_STRICT_PROTOTYPES = YES;
				CLANG_WARN_SUSPICIOUS_MOVE = YES;
				CLANG_WARN_UNGUARDED_AVAILABILITY = YES_AGGRESSIVE;
				CLANG_WARN_UNREACHABLE_CODE = YES;
				CLANG_WARN__DUPLICATE_METHOD_MATCH = YES;
				COPY_PHASE_STRIP = NO;
				DEBUG_INFORMATION_FORMAT = "dwarf-with-dsym";
				ENABLE_NS_ASSERTIONS = NO;
				ENABLE_STRICT_OBJC_MSGSEND = YES;
				ENABLE_USER_SCRIPT_SANDBOXING = YES;
				GCC_C_LANGUAGE_STANDARD = gnu17;
				GCC_NO_COMMON_BLOCKS = YES;
				GCC_WARN_64_TO_32_BIT_CONVERSION = YES;
				GCC_WARN_ABOUT_RETURN_TYPE = YES_ERROR;
				GCC_WARN_UNDECLARED_SELECTOR = YES;
				GCC_WARN_UNINITIALIZED_AUTOS = YES_AGGRESSIVE;
				GCC_WARN_UNUSED_FUNCTION = YES;
				GCC_WARN_UNUSED_VARIABLE = YES;
				IPHONEOS_DEPLOYMENT_TARGET = 17.4;
				LOCALIZATION_PREFERS_STRING_CATALOGS = YES;
				MTL_ENABLE_DEBUG_INFO = NO;
				MTL_FAST_MATH = YES;
				SDKROOT = iphoneos;
				SWIFT_COMPILATION_MODE = wholemodule;
				VALIDATE_PRODUCT = YES;
			};
			name = Release;
		};
		B58743882BDA22F2009F60F2 /* Debug */ = {
			isa = XCBuildConfiguration;
			buildSettings = {
				ASSETCATALOG_COMPILER_APPICON_NAME = AppIcon;
				ASSETCATALOG_COMPILER_GLOBAL_ACCENT_COLOR_NAME = AccentColor;
				CODE_SIGN_STYLE = Automatic;
				CURRENT_PROJECT_VERSION = 1;
				DEVELOPMENT_ASSET_PATHS = "\"SelfIntroduction/Preview Content\"";
				DEVELOPMENT_TEAM = Y32M6T2Q5U;
				ENABLE_PREVIEWS = YES;
				GENERATE_INFOPLIST_FILE = YES;
				INFOPLIST_KEY_UIApplicationSceneManifest_Generation = YES;
				INFOPLIST_KEY_UIApplicationSupportsIndirectInputEvents = YES;
				INFOPLIST_KEY_UILaunchScreen_Generation = YES;
				INFOPLIST_KEY_UISupportedInterfaceOrientations_iPad = "UIInterfaceOrientationPortrait UIInterfaceOrientationPortraitUpsideDown UIInterfaceOrientationLandscapeLeft UIInterfaceOrientationLandscapeRight";
				INFOPLIST_KEY_UISupportedInterfaceOrientations_iPhone = "UIInterfaceOrientationPortrait UIInterfaceOrientationLandscapeLeft UIInterfaceOrientationLandscapeRight";
				IPHONEOS_DEPLOYMENT_TARGET = 17.5;
				LD_RUNPATH_SEARCH_PATHS = (
					"$(inherited)",
					"@executable_path/Frameworks",
				);
				MARKETING_VERSION = 1.0;
				PRODUCT_BUNDLE_IDENTIFIER = "jp.ac.kyusan-u.SelfIntroduction";
				PRODUCT_NAME = "$(TARGET_NAME)";
				SWIFT_EMIT_LOC_STRINGS = YES;
				SWIFT_VERSION = 5.0;
				TARGETED_DEVICE_FAMILY = "1,2";
			};
			name = Debug;
		};
		B58743892BDA22F2009F60F2 /* Release */ = {
			isa = XCBuildConfiguration;
			buildSettings = {
				ASSETCATALOG_COMPILER_APPICON_NAME = AppIcon;
				ASSETCATALOG_COMPILER_GLOBAL_ACCENT_COLOR_NAME = AccentColor;
				CODE_SIGN_STYLE = Automatic;
				CURRENT_PROJECT_VERSION = 1;
				DEVELOPMENT_ASSET_PATHS = "\"SelfIntroduction/Preview Content\"";
				DEVELOPMENT_TEAM = Y32M6T2Q5U;
				ENABLE_PREVIEWS = YES;
				GENERATE_INFOPLIST_FILE = YES;
				INFOPLIST_KEY_UIApplicationSceneManifest_Generation = YES;
				INFOPLIST_KEY_UIApplicationSupportsIndirectInputEvents = YES;
				INFOPLIST_KEY_UILaunchScreen_Generation = YES;
				INFOPLIST_KEY_UISupportedInterfaceOrientations_iPad = "UIInterfaceOrientationPortrait UIInterfaceOrientationPortraitUpsideDown UIInterfaceOrientationLandscapeLeft UIInterfaceOrientationLandscapeRight";
				INFOPLIST_KEY_UISupportedInterfaceOrientations_iPhone = "UIInterfaceOrientationPortrait UIInterfaceOrientationLandscapeLeft UIInterfaceOrientationLandscapeRight";
				IPHONEOS_DEPLOYMENT_TARGET = 17.5;
				LD_RUNPATH_SEARCH_PATHS = (
					"$(inherited)",
					"@executable_path/Frameworks",
				);
				MARKETING_VERSION = 1.0;
				PRODUCT_BUNDLE_IDENTIFIER = "jp.ac.kyusan-u.SelfIntroduction";
				PRODUCT_NAME = "$(TARGET_NAME)";
				SWIFT_EMIT_LOC_STRINGS = YES;
				SWIFT_VERSION = 5.0;
				TARGETED_DEVICE_FAMILY = "1,2";
			};
			name = Release;
		};
		B587438B2BDA22F2009F60F2 /* Debug */ = {
			isa = XCBuildConfiguration;
			buildSettings = {
				ALWAYS_EMBED_SWIFT_STANDARD_LIBRARIES = YES;
				BUNDLE_LOADER = "$(TEST_HOST)";
				CODE_SIGN_STYLE = Automatic;
				CURRENT_PROJECT_VERSION = 1;
				DEVELOPMENT_TEAM = Y32M6T2Q5U;
				GENERATE_INFOPLIST_FILE = YES;
				IPHONEOS_DEPLOYMENT_TARGET = 17.5;
				MARKETING_VERSION = 1.0;
				PRODUCT_BUNDLE_IDENTIFIER = "jp.ac.kyusan-u.SelfIntroductionTests";
				PRODUCT_NAME = "$(TARGET_NAME)";
				SWIFT_EMIT_LOC_STRINGS = NO;
				SWIFT_VERSION = 5.0;
				TARGETED_DEVICE_FAMILY = "1,2";
				TEST_HOST = "$(BUILT_PRODUCTS_DIR)/SelfIntroduction.app/$(BUNDLE_EXECUTABLE_FOLDER_PATH)/SelfIntroduction";
			};
			name = Debug;
		};
		B587438C2BDA22F2009F60F2 /* Release */ = {
			isa = XCBuildConfiguration;
			buildSettings = {
				ALWAYS_EMBED_SWIFT_STANDARD_LIBRARIES = YES;
				BUNDLE_LOADER = "$(TEST_HOST)";
				CODE_SIGN_STYLE = Automatic;
				CURRENT_PROJECT_VERSION = 1;
				DEVELOPMENT_TEAM = Y32M6T2Q5U;
				GENERATE_INFOPLIST_FILE = YES;
				IPHONEOS_DEPLOYMENT_TARGET = 17.5;
				MARKETING_VERSION = 1.0;
				PRODUCT_BUNDLE_IDENTIFIER = "jp.ac.kyusan-u.SelfIntroductionTests";
				PRODUCT_NAME = "$(TARGET_NAME)";
				SWIFT_EMIT_LOC_STRINGS = NO;
				SWIFT_VERSION = 5.0;
				TARGETED_DEVICE_FAMILY = "1,2";
				TEST_HOST = "$(BUILT_PRODUCTS_DIR)/SelfIntroduction.app/$(BUNDLE_EXECUTABLE_FOLDER_PATH)/SelfIntroduction";
			};
			name = Release;
		};
		B587438E2BDA22F2009F60F2 /* Debug */ = {
			isa = XCBuildConfiguration;
			buildSettings = {
				ALWAYS_EMBED_SWIFT_STANDARD_LIBRARIES = YES;
				CODE_SIGN_STYLE = Automatic;
				CURRENT_PROJECT_VERSION = 1;
				DEVELOPMENT_TEAM = Y32M6T2Q5U;
				GENERATE_INFOPLIST_FILE = YES;
				IPHONEOS_DEPLOYMENT_TARGET = 17.5;
				MARKETING_VERSION = 1.0;
				PRODUCT_BUNDLE_IDENTIFIER = "jp.ac.kyusan-u.SelfIntroductionUITests";
				PRODUCT_NAME = "$(TARGET_NAME)";
				SWIFT_EMIT_LOC_STRINGS = NO;
				SWIFT_VERSION = 5.0;
				TARGETED_DEVICE_FAMILY = "1,2";
				TEST_TARGET_NAME = SelfIntroduction;
			};
			name = Debug;
		};
		B587438F2BDA22F2009F60F2 /* Release */ = {
			isa = XCBuildConfiguration;
			buildSettings = {
				ALWAYS_EMBED_SWIFT_STANDARD_LIBRARIES = YES;
				CODE_SIGN_STYLE = Automatic;
				CURRENT_PROJECT_VERSION = 1;
				DEVELOPMENT_TEAM = Y32M6T2Q5U;
				GENERATE_INFOPLIST_FILE = YES;
				IPHONEOS_DEPLOYMENT_TARGET = 17.5;
				MARKETING_VERSION = 1.0;
				PRODUCT_BUNDLE_IDENTIFIER = "jp.ac.kyusan-u.SelfIntroductionUITests";
				PRODUCT_NAME = "$(TARGET_NAME)";
				SWIFT_EMIT_LOC_STRINGS = NO;
				SWIFT_VERSION = 5.0;
				TARGETED_DEVICE_FAMILY = "1,2";
				TEST_TARGET_NAME = SelfIntroduction;
			};
			name = Release;
		};
/* End XCBuildConfiguration section */

/* Begin XCConfigurationList section */
		B587435E2BDA22EF009F60F2 /* Build configuration list for PBXProject "SelfIntroduction" */ = {
			isa = XCConfigurationList;
			buildConfigurations = (
				B58743852BDA22F2009F60F2 /* Debug */,
				B58743862BDA22F2009F60F2 /* Release */,
			);
			defaultConfigurationIsVisible = 0;
			defaultConfigurationName = Release;
		};
		B58743872BDA22F2009F60F2 /* Build configuration list for PBXNativeTarget "SelfIntroduction" */ = {
			isa = XCConfigurationList;
			buildConfigurations = (
				B58743882BDA22F2009F60F2 /* Debug */,
				B58743892BDA22F2009F60F2 /* Release */,
			);
			defaultConfigurationIsVisible = 0;
			defaultConfigurationName = Release;
		};
		B587438A2BDA22F2009F60F2 /* Build configuration list for PBXNativeTarget "SelfIntroductionTests" */ = {
			isa = XCConfigurationList;
			buildConfigurations = (
				B587438B2BDA22F2009F60F2 /* Debug */,
				B587438C2BDA22F2009F60F2 /* Release */,
			);
			defaultConfigurationIsVisible = 0;
			defaultConfigurationName = Release;
		};
		B587438D2BDA22F2009F60F2 /* Build configuration list for PBXNativeTarget "SelfIntroductionUITests" */ = {
			isa = XCConfigurationList;
			buildConfigurations = (
				B587438E2BDA22F2009F60F2 /* Debug */,
				B587438F2BDA22F2009F60F2 /* Release */,
			);
			defaultConfigurationIsVisible = 0;
			defaultConfigurationName = Release;
		};
/* End XCConfigurationList section */
	};
	rootObject = B587435B2BDA22EF009F60F2 /* Project object */;
}
